
Microsoft Visual Studio Solution File, Format Version 12.00
# Visual Studio 15
VisualStudioVersion = 15.0.27428.2037
MinimumVisualStudioVersion = 10.0.40219.1
Project("{FAE04EC0-301F-11D3-BF4B-00C04F79EFBC}") = "WFProyectoVuelo", "WFProyectoVuelo\WFProyectoVuelo.csproj", "{EAA60671-8AAF-4EB5-89EF-2758D2404F97}"
EndProject
Project("{FAE04EC0-301F-11D3-BF4B-00C04F79EFBC}") = "Datos", "Datos\Datos.csproj", "{A76EE941-F336-4CBA-BBC6-2376F4110AEA}"
EndProject
Project("{FAE04EC0-301F-11D3-BF4B-00C04F79EFBC}") = "WebAerolineas", "WebAerolineas\WebAerolineas.csproj", "{A1E11F6D-CE93-4AA8-A42B-60BA8D9C3337}"
EndProject
Global
	GlobalSection(SolutionConfigurationPlatforms) = preSolution
		Debug|Any CPU = Debug|Any CPU
		Release|Any CPU = Release|Any CPU
	EndGlobalSection
	GlobalSection(ProjectConfigurationPlatforms) = postSolution
		{EAA60671-8AAF-4EB5-89EF-2758D2404F97}.Debug|Any CPU.ActiveCfg = Debug|Any CPU
		{EAA60671-8AAF-4EB5-89EF-2758D2404F97}.Debug|Any CPU.Build.0 = Debug|Any CPU
		{EAA60671-8AAF-4EB5-89EF-2758D2404F97}.Release|Any CPU.ActiveCfg = Release|Any CPU
		{EAA60671-8AAF-4EB5-89EF-2758D2404F97}.Release|Any CPU.Build.0 = Release|Any CPU
		{A76EE941-F336-4CBA-BBC6-2376F4110AEA}.Debug|Any CPU.ActiveCfg = Debug|Any CPU
		{A76EE941-F336-4CBA-BBC6-2376F4110AEA}.Debug|Any CPU.Build.0 = Debug|Any CPU
		{A76EE941-F336-4CBA-BBC6-2376F4110AEA}.Release|Any CPU.ActiveCfg = Release|Any CPU
		{A76EE941-F336-4CBA-BBC6-2376F4110AEA}.Release|Any CPU.Build.0 = Release|Any CPU
		{A1E11F6D-CE93-4AA8-A42B-60BA8D9C3337}.Debug|Any CPU.ActiveCfg = Debug|Any CPU
		{A1E11F6D-CE93-4AA8-A42B-60BA8D9C3337}.Debug|Any CPU.Build.0 = Debug|Any CPU
		{A1E11F6D-CE93-4AA8-A42B-60BA8D9C3337}.Release|Any CPU.ActiveCfg = Release|Any CPU
		{A1E11F6D-CE93-4AA8-A42B-60BA8D9C3337}.Release|Any CPU.Build.0 = Release|Any CPU
	EndGlobalSection
	GlobalSection(SolutionProperties) = preSolution
		HideSolutionNode = FALSE
	EndGlobalSection
	GlobalSection(ExtensibilityGlobals) = postSolution
		SolutionGuid = {2DE57345-869E-40B0-9686-D5847ADFF202}
	EndGlobalSection
EndGlobal
